
Microsoft Visual Studio Solution File, Format Version 12.00
# Visual Studio Version 17
VisualStudioVersion = 17.9.34607.119
MinimumVisualStudioVersion = 10.0.40219.1
Project("{FAE04EC0-301F-11D3-BF4B-00C04F79EFBC}") = "dollarAPI", "dollarAPI\dollarAPI.csproj", "{64A8504E-B0F0-4ACD-ADA6-C888EE80DEC5}"
EndProject
Global
	GlobalSection(SolutionConfigurationPlatforms) = preSolution
		Debug|Any CPU = Debug|Any CPU
		Release|Any CPU = Release|Any CPU
	EndGlobalSection
	GlobalSection(ProjectConfigurationPlatforms) = postSolution
		{64A8504E-B0F0-4ACD-ADA6-C888EE80DEC5}.Debug|Any CPU.ActiveCfg = Debug|Any CPU
		{64A8504E-B0F0-4ACD-ADA6-C888EE80DEC5}.Debug|Any CPU.Build.0 = Debug|Any CPU
		{64A8504E-B0F0-4ACD-ADA6-C888EE80DEC5}.Release|Any CPU.ActiveCfg = Release|Any CPU
		{64A8504E-B0F0-4ACD-ADA6-C888EE80DEC5}.Release|Any CPU.Build.0 = Release|Any CPU
	EndGlobalSection
	GlobalSection(SolutionProperties) = preSolution
		HideSolutionNode = FALSE
	EndGlobalSection
	GlobalSection(ExtensibilityGlobals) = postSolution
		SolutionGuid = {583C4449-0AA6-4055-8BC3-4B80D092D330}
	EndGlobalSection
EndGlobal
